// !$*UTF8*$!
{
	archiveVersion = 1;
	classes = {
	};
	objectVersion = 50;
	objects = {

/* Begin PBXBuildFile section */
		11B77D0226DD585A0080F6FB /* AppDelegate.swift in Sources */ = {isa = PBXBuildFile; fileRef = 11B77D0126DD585A0080F6FB /* AppDelegate.swift */; };
		11B77D0426DD585A0080F6FB /* SceneDelegate.swift in Sources */ = {isa = PBXBuildFile; fileRef = 11B77D0326DD585A0080F6FB /* SceneDelegate.swift */; };
		11B77D0926DD585A0080F6FB /* Main.storyboard in Resources */ = {isa = PBXBuildFile; fileRef = 11B77D0726DD585A0080F6FB /* Main.storyboard */; };
		11B77D0C26DD585B0080F6FB /* FR_MealRecipes.xcdatamodeld in Sources */ = {isa = PBXBuildFile; fileRef = 11B77D0A26DD585B0080F6FB /* FR_MealRecipes.xcdatamodeld */; };
		11B77D0E26DD585E0080F6FB /* Assets.xcassets in Resources */ = {isa = PBXBuildFile; fileRef = 11B77D0D26DD585E0080F6FB /* Assets.xcassets */; };
		11B77D1126DD585E0080F6FB /* LaunchScreen.storyboard in Resources */ = {isa = PBXBuildFile; fileRef = 11B77D0F26DD585E0080F6FB /* LaunchScreen.storyboard */; };
		11B77D1E26DD595C0080F6FB /* MealListViewController.swift in Sources */ = {isa = PBXBuildFile; fileRef = 11B77D1D26DD595C0080F6FB /* MealListViewController.swift */; };
		11B77D2126DD5C290080F6FB /* APIController.swift in Sources */ = {isa = PBXBuildFile; fileRef = 11B77D2026DD5C290080F6FB /* APIController.swift */; };
		11B77D2726DE346C0080F6FB /* MealRepresentation.swift in Sources */ = {isa = PBXBuildFile; fileRef = 11B77D2626DE346C0080F6FB /* MealRepresentation.swift */; };
		11B77D2926DE39D20080F6FB /* CategoryRepresentation.swift in Sources */ = {isa = PBXBuildFile; fileRef = 11B77D2826DE39D20080F6FB /* CategoryRepresentation.swift */; };
		11B77D2C26DE41FE0080F6FB /* Meal+Convenience.swift in Sources */ = {isa = PBXBuildFile; fileRef = 11B77D2B26DE41FE0080F6FB /* Meal+Convenience.swift */; };
		11B77D2E26DE42080080F6FB /* Category+Convenience.swift in Sources */ = {isa = PBXBuildFile; fileRef = 11B77D2D26DE42080080F6FB /* Category+Convenience.swift */; };
		11B77D3026DE42A70080F6FB /* CoreDataStack.swift in Sources */ = {isa = PBXBuildFile; fileRef = 11B77D2F26DE42A70080F6FB /* CoreDataStack.swift */; };
/* End PBXBuildFile section */

/* Begin PBXFileReference section */
		11B77CFE26DD585A0080F6FB /* FR-MealRecipes.app */ = {isa = PBXFileReference; explicitFileType = wrapper.application; includeInIndex = 0; path = "FR-MealRecipes.app"; sourceTree = BUILT_PRODUCTS_DIR; };
		11B77D0126DD585A0080F6FB /* AppDelegate.swift */ = {isa = PBXFileReference; lastKnownFileType = sourcecode.swift; path = AppDelegate.swift; sourceTree = "<group>"; };
		11B77D0326DD585A0080F6FB /* SceneDelegate.swift */ = {isa = PBXFileReference; lastKnownFileType = sourcecode.swift; path = SceneDelegate.swift; sourceTree = "<group>"; };
		11B77D0826DD585A0080F6FB /* Base */ = {isa = PBXFileReference; lastKnownFileType = file.storyboard; name = Base; path = Base.lproj/Main.storyboard; sourceTree = "<group>"; };
		11B77D0B26DD585B0080F6FB /* FR_MealRecipes.xcdatamodel */ = {isa = PBXFileReference; lastKnownFileType = wrapper.xcdatamodel; path = FR_MealRecipes.xcdatamodel; sourceTree = "<group>"; };
		11B77D0D26DD585E0080F6FB /* Assets.xcassets */ = {isa = PBXFileReference; lastKnownFileType = folder.assetcatalog; path = Assets.xcassets; sourceTree = "<group>"; };
		11B77D1026DD585E0080F6FB /* Base */ = {isa = PBXFileReference; lastKnownFileType = file.storyboard; name = Base; path = Base.lproj/LaunchScreen.storyboard; sourceTree = "<group>"; };
		11B77D1226DD585E0080F6FB /* Info.plist */ = {isa = PBXFileReference; lastKnownFileType = text.plist.xml; path = Info.plist; sourceTree = "<group>"; };
		11B77D1D26DD595C0080F6FB /* MealListViewController.swift */ = {isa = PBXFileReference; lastKnownFileType = sourcecode.swift; path = MealListViewController.swift; sourceTree = "<group>"; };
		11B77D2026DD5C290080F6FB /* APIController.swift */ = {isa = PBXFileReference; lastKnownFileType = sourcecode.swift; path = APIController.swift; sourceTree = "<group>"; };
		11B77D2626DE346C0080F6FB /* MealRepresentation.swift */ = {isa = PBXFileReference; lastKnownFileType = sourcecode.swift; path = MealRepresentation.swift; sourceTree = "<group>"; };
		11B77D2826DE39D20080F6FB /* CategoryRepresentation.swift */ = {isa = PBXFileReference; lastKnownFileType = sourcecode.swift; path = CategoryRepresentation.swift; sourceTree = "<group>"; };
		11B77D2B26DE41FE0080F6FB /* Meal+Convenience.swift */ = {isa = PBXFileReference; lastKnownFileType = sourcecode.swift; path = "Meal+Convenience.swift"; sourceTree = "<group>"; };
		11B77D2D26DE42080080F6FB /* Category+Convenience.swift */ = {isa = PBXFileReference; lastKnownFileType = sourcecode.swift; path = "Category+Convenience.swift"; sourceTree = "<group>"; };
		11B77D2F26DE42A70080F6FB /* CoreDataStack.swift */ = {isa = PBXFileReference; lastKnownFileType = sourcecode.swift; path = CoreDataStack.swift; sourceTree = "<group>"; };
/* End PBXFileReference section */

/* Begin PBXFrameworksBuildPhase section */
		11B77CFB26DD585A0080F6FB /* Frameworks */ = {
			isa = PBXFrameworksBuildPhase;
			buildActionMask = 2147483647;
			files = (
			);
			runOnlyForDeploymentPostprocessing = 0;
		};
/* End PBXFrameworksBuildPhase section */

/* Begin PBXGroup section */
		11B77CF526DD585A0080F6FB = {
			isa = PBXGroup;
			children = (
				11B77D0026DD585A0080F6FB /* FR-MealRecipes */,
				11B77CFF26DD585A0080F6FB /* Products */,
			);
			sourceTree = "<group>";
		};
		11B77CFF26DD585A0080F6FB /* Products */ = {
			isa = PBXGroup;
			children = (
				11B77CFE26DD585A0080F6FB /* FR-MealRecipes.app */,
			);
			name = Products;
			sourceTree = "<group>";
		};
		11B77D0026DD585A0080F6FB /* FR-MealRecipes */ = {
			isa = PBXGroup;
			children = (
				11B77D1C26DD59460080F6FB /* Models */,
				11B77D1B26DD593D0080F6FB /* Views */,
				11B77D1A26DD59390080F6FB /* Controllers */,
				11B77D1F26DD5BD80080F6FB /* Model Controllers */,
				11B77D1926DD59330080F6FB /* Helpers */,
				11B77D1826DD592A0080F6FB /* Resources */,
				11B77D0126DD585A0080F6FB /* AppDelegate.swift */,
				11B77D0326DD585A0080F6FB /* SceneDelegate.swift */,
				11B77D0726DD585A0080F6FB /* Main.storyboard */,
				11B77D0D26DD585E0080F6FB /* Assets.xcassets */,
				11B77D0F26DD585E0080F6FB /* LaunchScreen.storyboard */,
				11B77D1226DD585E0080F6FB /* Info.plist */,
				11B77D0A26DD585B0080F6FB /* FR_MealRecipes.xcdatamodeld */,
			);
			path = "FR-MealRecipes";
			sourceTree = "<group>";
		};
		11B77D1826DD592A0080F6FB /* Resources */ = {
			isa = PBXGroup;
			children = (
			);
			path = Resources;
			sourceTree = "<group>";
		};
		11B77D1926DD59330080F6FB /* Helpers */ = {
			isa = PBXGroup;
			children = (
			);
			path = Helpers;
			sourceTree = "<group>";
		};
		11B77D1A26DD59390080F6FB /* Controllers */ = {
			isa = PBXGroup;
			children = (
				11B77D1D26DD595C0080F6FB /* MealListViewController.swift */,
			);
			path = Controllers;
			sourceTree = "<group>";
		};
		11B77D1B26DD593D0080F6FB /* Views */ = {
			isa = PBXGroup;
			children = (
			);
			path = Views;
			sourceTree = "<group>";
		};
		11B77D1C26DD59460080F6FB /* Models */ = {
			isa = PBXGroup;
			children = (
				11B77D2626DE346C0080F6FB /* MealRepresentation.swift */,
				11B77D2826DE39D20080F6FB /* CategoryRepresentation.swift */,
				11B77D2B26DE41FE0080F6FB /* Meal+Convenience.swift */,
				11B77D2D26DE42080080F6FB /* Category+Convenience.swift */,
				11B77D2F26DE42A70080F6FB /* CoreDataStack.swift */,
			);
			path = Models;
			sourceTree = "<group>";
		};
		11B77D1F26DD5BD80080F6FB /* Model Controllers */ = {
			isa = PBXGroup;
			children = (
				11B77D2026DD5C290080F6FB /* APIController.swift */,
			);
			path = "Model Controllers";
			sourceTree = "<group>";
		};
/* End PBXGroup section */

/* Begin PBXNativeTarget section */
		11B77CFD26DD585A0080F6FB /* FR-MealRecipes */ = {
			isa = PBXNativeTarget;
			buildConfigurationList = 11B77D1526DD585E0080F6FB /* Build configuration list for PBXNativeTarget "FR-MealRecipes" */;
			buildPhases = (
				11B77CFA26DD585A0080F6FB /* Sources */,
				11B77CFB26DD585A0080F6FB /* Frameworks */,
				11B77CFC26DD585A0080F6FB /* Resources */,
			);
			buildRules = (
			);
			dependencies = (
			);
			name = "FR-MealRecipes";
			productName = "FR-MealRecipes";
			productReference = 11B77CFE26DD585A0080F6FB /* FR-MealRecipes.app */;
			productType = "com.apple.product-type.application";
		};
/* End PBXNativeTarget section */

/* Begin PBXProject section */
		11B77CF626DD585A0080F6FB /* Project object */ = {
			isa = PBXProject;
			attributes = {
				LastSwiftUpdateCheck = 1250;
				LastUpgradeCheck = 1250;
				TargetAttributes = {
					11B77CFD26DD585A0080F6FB = {
						CreatedOnToolsVersion = 12.5;
					};
				};
			};
			buildConfigurationList = 11B77CF926DD585A0080F6FB /* Build configuration list for PBXProject "FR-MealRecipes" */;
			compatibilityVersion = "Xcode 9.3";
			developmentRegion = en;
			hasScannedForEncodings = 0;
			knownRegions = (
				en,
				Base,
			);
			mainGroup = 11B77CF526DD585A0080F6FB;
			productRefGroup = 11B77CFF26DD585A0080F6FB /* Products */;
			projectDirPath = "";
			projectRoot = "";
			targets = (
				11B77CFD26DD585A0080F6FB /* FR-MealRecipes */,
			);
		};
/* End PBXProject section */

/* Begin PBXResourcesBuildPhase section */
		11B77CFC26DD585A0080F6FB /* Resources */ = {
			isa = PBXResourcesBuildPhase;
			buildActionMask = 2147483647;
			files = (
				11B77D1126DD585E0080F6FB /* LaunchScreen.storyboard in Resources */,
				11B77D0E26DD585E0080F6FB /* Assets.xcassets in Resources */,
				11B77D0926DD585A0080F6FB /* Main.storyboard in Resources */,
			);
			runOnlyForDeploymentPostprocessing = 0;
		};
/* End PBXResourcesBuildPhase section */

/* Begin PBXSourcesBuildPhase section */
		11B77CFA26DD585A0080F6FB /* Sources */ = {
			isa = PBXSourcesBuildPhase;
			buildActionMask = 2147483647;
			files = (
				11B77D2C26DE41FE0080F6FB /* Meal+Convenience.swift in Sources */,
				11B77D2926DE39D20080F6FB /* CategoryRepresentation.swift in Sources */,
				11B77D0C26DD585B0080F6FB /* FR_MealRecipes.xcdatamodeld in Sources */,
				11B77D1E26DD595C0080F6FB /* MealListViewController.swift in Sources */,
				11B77D0226DD585A0080F6FB /* AppDelegate.swift in Sources */,
				11B77D3026DE42A70080F6FB /* CoreDataStack.swift in Sources */,
				11B77D0426DD585A0080F6FB /* SceneDelegate.swift in Sources */,
				11B77D2726DE346C0080F6FB /* MealRepresentation.swift in Sources */,
				11B77D2E26DE42080080F6FB /* Category+Convenience.swift in Sources */,
				11B77D2126DD5C290080F6FB /* APIController.swift in Sources */,
			);
			runOnlyForDeploymentPostprocessing = 0;
		};
/* End PBXSourcesBuildPhase section */

/* Begin PBXVariantGroup section */
		11B77D0726DD585A0080F6FB /* Main.storyboard */ = {
			isa = PBXVariantGroup;
			children = (
				11B77D0826DD585A0080F6FB /* Base */,
			);
			name = Main.storyboard;
			sourceTree = "<group>";
		};
		11B77D0F26DD585E0080F6FB /* LaunchScreen.storyboard */ = {
			isa = PBXVariantGroup;
			children = (
				11B77D1026DD585E0080F6FB /* Base */,
			);
			name = LaunchScreen.storyboard;
			sourceTree = "<group>";
		};
/* End PBXVariantGroup section */

/* Begin XCBuildConfiguration section */
		11B77D1326DD585E0080F6FB /* Debug */ = {
			isa = XCBuildConfiguration;
			buildSettings = {
				ALWAYS_SEARCH_USER_PATHS = NO;
				CLANG_ANALYZER_NONNULL = YES;
				CLANG_ANALYZER_NUMBER_OBJECT_CONVERSION = YES_AGGRESSIVE;
				CLANG_CXX_LANGUAGE_STANDARD = "gnu++14";
				CLANG_CXX_LIBRARY = "libc++";
				CLANG_ENABLE_MODULES = YES;
				CLANG_ENABLE_OBJC_ARC = YES;
				CLANG_ENABLE_OBJC_WEAK = YES;
				CLANG_WARN_BLOCK_CAPTURE_AUTORELEASING = YES;
				CLANG_WARN_BOOL_CONVERSION = YES;
				CLANG_WARN_COMMA = YES;
				CLANG_WARN_CONSTANT_CONVERSION = YES;
				CLANG_WARN_DEPRECATED_OBJC_IMPLEMENTATIONS = YES;
				CLANG_WARN_DIRECT_OBJC_ISA_USAGE = YES_ERROR;
				CLANG_WARN_DOCUMENTATION_COMMENTS = YES;
				CLANG_WARN_EMPTY_BODY = YES;
				CLANG_WARN_ENUM_CONVERSION = YES;
				CLANG_WARN_INFINITE_RECURSION = YES;
				CLANG_WARN_INT_CONVERSION = YES;
				CLANG_WARN_NON_LITERAL_NULL_CONVERSION = YES;
				CLANG_WARN_OBJC_IMPLICIT_RETAIN_SELF = YES;
				CLANG_WARN_OBJC_LITERAL_CONVERSION = YES;
				CLANG_WARN_OBJC_ROOT_CLASS = YES_ERROR;
				CLANG_WARN_QUOTED_INCLUDE_IN_FRAMEWORK_HEADER = YES;
				CLANG_WARN_RANGE_LOOP_ANALYSIS = YES;
				CLANG_WARN_STRICT_PROTOTYPES = YES;
				CLANG_WARN_SUSPICIOUS_MOVE = YES;
				CLANG_WARN_UNGUARDED_AVAILABILITY = YES_AGGRESSIVE;
				CLANG_WARN_UNREACHABLE_CODE = YES;
				CLANG_WARN__DUPLICATE_METHOD_MATCH = YES;
				COPY_PHASE_STRIP = NO;
				DEBUG_INFORMATION_FORMAT = dwarf;
				ENABLE_STRICT_OBJC_MSGSEND = YES;
				ENABLE_TESTABILITY = YES;
				GCC_C_LANGUAGE_STANDARD = gnu11;
				GCC_DYNAMIC_NO_PIC = NO;
				GCC_NO_COMMON_BLOCKS = YES;
				GCC_OPTIMIZATION_LEVEL = 0;
				GCC_PREPROCESSOR_DEFINITIONS = (
					"DEBUG=1",
					"$(inherited)",
				);
				GCC_WARN_64_TO_32_BIT_CONVERSION = YES;
				GCC_WARN_ABOUT_RETURN_TYPE = YES_ERROR;
				GCC_WARN_UNDECLARED_SELECTOR = YES;
				GCC_WARN_UNINITIALIZED_AUTOS = YES_AGGRESSIVE;
				GCC_WARN_UNUSED_FUNCTION = YES;
				GCC_WARN_UNUSED_VARIABLE = YES;
				IPHONEOS_DEPLOYMENT_TARGET = 14.5;
				MTL_ENABLE_DEBUG_INFO = INCLUDE_SOURCE;
				MTL_FAST_MATH = YES;
				ONLY_ACTIVE_ARCH = YES;
				SDKROOT = iphoneos;
				SWIFT_ACTIVE_COMPILATION_CONDITIONS = DEBUG;
				SWIFT_OPTIMIZATION_LEVEL = "-Onone";
			};
			name = Debug;
		};
		11B77D1426DD585E0080F6FB /* Release */ = {
			isa = XCBuildConfiguration;
			buildSettings = {
				ALWAYS_SEARCH_USER_PATHS = NO;
				CLANG_ANALYZER_NONNULL = YES;
				CLANG_ANALYZER_NUMBER_OBJECT_CONVERSION = YES_AGGRESSIVE;
				CLANG_CXX_LANGUAGE_STANDARD = "gnu++14";
				CLANG_CXX_LIBRARY = "libc++";
				CLANG_ENABLE_MODULES = YES;
				CLANG_ENABLE_OBJC_ARC = YES;
				CLANG_ENABLE_OBJC_WEAK = YES;
				CLANG_WARN_BLOCK_CAPTURE_AUTORELEASING = YES;
				CLANG_WARN_BOOL_CONVERSION = YES;
				CLANG_WARN_COMMA = YES;
				CLANG_WARN_CONSTANT_CONVERSION = YES;
				CLANG_WARN_DEPRECATED_OBJC_IMPLEMENTATIONS = YES;
				CLANG_WARN_DIRECT_OBJC_ISA_USAGE = YES_ERROR;
				CLANG_WARN_DOCUMENTATION_COMMENTS = YES;
				CLANG_WARN_EMPTY_BODY = YES;
				CLANG_WARN_ENUM_CONVERSION = YES;
				CLANG_WARN_INFINITE_RECURSION = YES;
				CLANG_WARN_INT_CONVERSION = YES;
				CLANG_WARN_NON_LITERAL_NULL_CONVERSION = YES;
				CLANG_WARN_OBJC_IMPLICIT_RETAIN_SELF = YES;
				CLANG_WARN_OBJC_LITERAL_CONVERSION = YES;
				CLANG_WARN_OBJC_ROOT_CLASS = YES_ERROR;
				CLANG_WARN_QUOTED_INCLUDE_IN_FRAMEWORK_HEADER = YES;
				CLANG_WARN_RANGE_LOOP_ANALYSIS = YES;
				CLANG_WARN_STRICT_PROTOTYPES = YES;
				CLANG_WARN_SUSPICIOUS_MOVE = YES;
				CLANG_WARN_UNGUARDED_AVAILABILITY = YES_AGGRESSIVE;
				CLANG_WARN_UNREACHABLE_CODE = YES;
				CLANG_WARN__DUPLICATE_METHOD_MATCH = YES;
				COPY_PHASE_STRIP = NO;
				DEBUG_INFORMATION_FORMAT = "dwarf-with-dsym";
				ENABLE_NS_ASSERTIONS = NO;
				ENABLE_STRICT_OBJC_MSGSEND = YES;
				GCC_C_LANGUAGE_STANDARD = gnu11;
				GCC_NO_COMMON_BLOCKS = YES;
				GCC_WARN_64_TO_32_BIT_CONVERSION = YES;
				GCC_WARN_ABOUT_RETURN_TYPE = YES_ERROR;
				GCC_WARN_UNDECLARED_SELECTOR = YES;
				GCC_WARN_UNINITIALIZED_AUTOS = YES_AGGRESSIVE;
				GCC_WARN_UNUSED_FUNCTION = YES;
				GCC_WARN_UNUSED_VARIABLE = YES;
				IPHONEOS_DEPLOYMENT_TARGET = 14.5;
				MTL_ENABLE_DEBUG_INFO = NO;
				MTL_FAST_MATH = YES;
				SDKROOT = iphoneos;
				SWIFT_COMPILATION_MODE = wholemodule;
				SWIFT_OPTIMIZATION_LEVEL = "-O";
				VALIDATE_PRODUCT = YES;
			};
			name = Release;
		};
		11B77D1626DD585E0080F6FB /* Debug */ = {
			isa = XCBuildConfiguration;
			buildSettings = {
				ASSETCATALOG_COMPILER_APPICON_NAME = AppIcon;
				ASSETCATALOG_COMPILER_GLOBAL_ACCENT_COLOR_NAME = AccentColor;
				CODE_SIGN_STYLE = Automatic;
				DEVELOPMENT_TEAM = WMWTV546RX;
				INFOPLIST_FILE = "FR-MealRecipes/Info.plist";
				LD_RUNPATH_SEARCH_PATHS = (
					"$(inherited)",
					"@executable_path/Frameworks",
				);
				PRODUCT_BUNDLE_IDENTIFIER = "tech.AlphaGradeInc.FR-MealRecipes";
				PRODUCT_NAME = "$(TARGET_NAME)";
				SWIFT_VERSION = 5.0;
				TARGETED_DEVICE_FAMILY = "1,2";
			};
			name = Debug;
		};
		11B77D1726DD585E0080F6FB /* Release */ = {
			isa = XCBuildConfiguration;
			buildSettings = {
				ASSETCATALOG_COMPILER_APPICON_NAME = AppIcon;
				ASSETCATALOG_COMPILER_GLOBAL_ACCENT_COLOR_NAME = AccentColor;
				CODE_SIGN_STYLE = Automatic;
				DEVELOPMENT_TEAM = WMWTV546RX;
				INFOPLIST_FILE = "FR-MealRecipes/Info.plist";
				LD_RUNPATH_SEARCH_PATHS = (
					"$(inherited)",
					"@executable_path/Frameworks",
				);
				PRODUCT_BUNDLE_IDENTIFIER = "tech.AlphaGradeInc.FR-MealRecipes";
				PRODUCT_NAME = "$(TARGET_NAME)";
				SWIFT_VERSION = 5.0;
				TARGETED_DEVICE_FAMILY = "1,2";
			};
			name = Release;
		};
/* End XCBuildConfiguration section */

/* Begin XCConfigurationList section */
		11B77CF926DD585A0080F6FB /* Build configuration list for PBXProject "FR-MealRecipes" */ = {
			isa = XCConfigurationList;
			buildConfigurations = (
				11B77D1326DD585E0080F6FB /* Debug */,
				11B77D1426DD585E0080F6FB /* Release */,
			);
			defaultConfigurationIsVisible = 0;
			defaultConfigurationName = Release;
		};
		11B77D1526DD585E0080F6FB /* Build configuration list for PBXNativeTarget "FR-MealRecipes" */ = {
			isa = XCConfigurationList;
			buildConfigurations = (
				11B77D1626DD585E0080F6FB /* Debug */,
				11B77D1726DD585E0080F6FB /* Release */,
			);
			defaultConfigurationIsVisible = 0;
			defaultConfigurationName = Release;
		};
/* End XCConfigurationList section */

/* Begin XCVersionGroup section */
		11B77D0A26DD585B0080F6FB /* FR_MealRecipes.xcdatamodeld */ = {
			isa = XCVersionGroup;
			children = (
				11B77D0B26DD585B0080F6FB /* FR_MealRecipes.xcdatamodel */,
			);
			currentVersion = 11B77D0B26DD585B0080F6FB /* FR_MealRecipes.xcdatamodel */;
			path = FR_MealRecipes.xcdatamodeld;
			sourceTree = "<group>";
			versionGroupType = wrapper.xcdatamodel;
		};
/* End XCVersionGroup section */
	};
	rootObject = 11B77CF626DD585A0080F6FB /* Project object */;
}
